{
  "name": "techu-open-api-bank",
  "version": "1.0.0",
  "lockfileVersion": 1,
  "requires": true,
  "dependencies": {
    "accepts": {
      "version": "1.2.13",
      "resolved": "https://globaldevtools.bbva.com:443/artifactory/api/npm/npm-repo/accepts/-/accepts-1.2.13.tgz",
      "integrity": "sha1-5fHzkoxtlf2WVYw27D2dDeSm7Oo=",
      "requires": {
        "mime-types": "~2.1.6",
        "negotiator": "0.5.3"
      }
    },
    "argparse": {
      "version": "0.1.16",
      "resolved": "https://globaldevtools.bbva.com:443/artifactory/api/npm/npm-repo/argparse/-/argparse-0.1.16.tgz",
      "integrity": "sha1-z9AeD7uj1srtBJ+9dY1A9lGW9Xw=",
      "requires": {
        "underscore": "~1.7.0",
        "underscore.string": "~2.4.0"
      }
    },
    "array-flatten": {
      "version": "1.1.0",
      "resolved": "https://globaldevtools.bbva.com:443/artifactory/api/npm/npm-repo/array-flatten/-/array-flatten-1.1.0.tgz",
      "integrity": "sha1-rD76xxew57vcd4zgvec4GsZgQ5M="
    },
    "async": {
      "version": "1.5.2",
      "resolved": "https://globaldevtools.bbva.com:443/artifactory/api/npm/npm-repo/async/-/async-1.5.2.tgz",
      "integrity": "sha1-7GphrlZIDAw8skHJVhjiCJL5Zyo="
    },
    "balanced-match": {
      "version": "1.0.0",
      "resolved": "https://globaldevtools.bbva.com:443/artifactory/api/npm/npm-repo/balanced-match/-/balanced-match-1.0.0.tgz",
      "integrity": "sha1-ibTRmasr7kneFk6gK4nORi1xt2c=",
      "optional": true
    },
    "bluebird": {
      "version": "3.5.1",
      "resolved": "https://globaldevtools.bbva.com:443/artifactory/api/npm/npm-repo/bluebird/-/bluebird-3.5.1.tgz",
      "integrity": "sha1-2VUfnemPH82h5oPRfukaBgLuLrk="
    },
    "body-parser": {
      "version": "1.13.2",
      "resolved": "https://globaldevtools.bbva.com:443/artifactory/api/npm/npm-repo/body-parser/-/body-parser-1.13.2.tgz",
      "integrity": "sha1-IpJipP0uQC37iNmbwn2L4xMH5+k=",
      "requires": {
        "bytes": "2.1.0",
        "content-type": "~1.0.1",
        "debug": "~2.2.0",
        "depd": "~1.0.1",
        "http-errors": "~1.3.1",
        "iconv-lite": "0.4.11",
        "on-finished": "~2.3.0",
        "qs": "4.0.0",
        "raw-body": "~2.1.2",
        "type-is": "~1.6.4"
      }
    },
    "brace-expansion": {
      "version": "1.1.11",
      "resolved": "https://globaldevtools.bbva.com:443/artifactory/api/npm/npm-repo/brace-expansion/-/brace-expansion-1.1.11.tgz",
      "integrity": "sha1-PH/L9SnYcibz0vUrlm/1Jx60Qd0=",
      "optional": true,
      "requires": {
        "balanced-match": "^1.0.0",
        "concat-map": "0.0.1"
      }
    },
    "bson": {
      "version": "1.1.1",
      "resolved": "https://globaldevtools.bbva.com:443/artifactory/api/npm/npm-repo/bson/-/bson-1.1.1.tgz",
      "integrity": "sha1-QzD16ZEExOdR5zUYWeLUCCefLxM="
    },
    "buffer-equal-constant-time": {
      "version": "1.0.1",
      "resolved": "https://globaldevtools.bbva.com:443/artifactory/api/npm/npm-repo/buffer-equal-constant-time/-/buffer-equal-constant-time-1.0.1.tgz",
      "integrity": "sha1-+OcRMvf/5uAaXJaXpMbz5I1cyBk="
    },
    "bunyan": {
      "version": "1.5.1",
      "resolved": "https://globaldevtools.bbva.com:443/artifactory/api/npm/npm-repo/bunyan/-/bunyan-1.5.1.tgz",
      "integrity": "sha1-X259RMQ7lS9WsPQTCeOrEjkbTi0=",
      "requires": {
        "dtrace-provider": "~0.6",
        "mv": "~2",
        "safe-json-stringify": "~1"
      },
      "dependencies": {
        "dtrace-provider": {
          "version": "0.6.0",
          "resolved": "https://globaldevtools.bbva.com:443/artifactory/api/npm/npm-repo/dtrace-provider/-/dtrace-provider-0.6.0.tgz",
          "integrity": "sha1-CweNVReTfYcxAUUtkUZzdVe3XlE=",
          "optional": true,
          "requires": {
            "nan": "^2.0.8"
          }
        }
      }
    },
    "bytes": {
      "version": "2.1.0",
      "resolved": "https://globaldevtools.bbva.com:443/artifactory/api/npm/npm-repo/bytes/-/bytes-2.1.0.tgz",
      "integrity": "sha1-rJPEEOL/ycx89LRks4KJBn9eR7Q="
    },
    "call-me-maybe": {
      "version": "1.0.1",
      "resolved": "https://globaldevtools.bbva.com:443/artifactory/api/npm/npm-repo/call-me-maybe/-/call-me-maybe-1.0.1.tgz",
      "integrity": "sha1-JtII6onje1y95gJQoV8DHBak1ms=",
      "dev": true
    },
    "commander": {
      "version": "2.20.0",
      "resolved": "https://globaldevtools.bbva.com:443/artifactory/api/npm/npm-repo/commander/-/commander-2.20.0.tgz",
      "integrity": "sha1-1YuytcHuj4ew00ACfp6U4iLFpCI=",
      "dev": true
    },
    "concat-map": {
      "version": "0.0.1",
      "resolved": "https://globaldevtools.bbva.com:443/artifactory/api/npm/npm-repo/concat-map/-/concat-map-0.0.1.tgz",
      "integrity": "sha1-2Klr13/Wjfd5OnMDajug1UBdR3s=",
      "optional": true
    },
    "content-disposition": {
      "version": "0.5.0",
      "resolved": "https://globaldevtools.bbva.com:443/artifactory/api/npm/npm-repo/content-disposition/-/content-disposition-0.5.0.tgz",
      "integrity": "sha1-QoT+auBjCHRjnkToCkGMKTQTXp4="
    },
    "content-type": {
      "version": "1.0.4",
      "resolved": "https://globaldevtools.bbva.com:443/artifactory/api/npm/npm-repo/content-type/-/content-type-1.0.4.tgz",
      "integrity": "sha1-4TjMdeBAxyexlm/l5fjJruJW/js="
    },
    "cookie": {
      "version": "0.1.3",
      "resolved": "https://globaldevtools.bbva.com:443/artifactory/api/npm/npm-repo/cookie/-/cookie-0.1.3.tgz",
      "integrity": "sha1-5zSlwUF/zkctWu+Cw4HKu2TRpDU="
    },
    "cookie-parser": {
      "version": "1.3.5",
      "resolved": "https://globaldevtools.bbva.com:443/artifactory/api/npm/npm-repo/cookie-parser/-/cookie-parser-1.3.5.tgz",
      "integrity": "sha1-nXVVcPtdF4kHcSJ6AjFNm+fPg1Y=",
      "requires": {
        "cookie": "0.1.3",
        "cookie-signature": "1.0.6"
      }
    },
    "cookie-signature": {
      "version": "1.0.6",
      "resolved": "https://globaldevtools.bbva.com:443/artifactory/api/npm/npm-repo/cookie-signature/-/cookie-signature-1.0.6.tgz",
      "integrity": "sha1-4wOogrNCzD7oylE6eZmXNNqzriw="
    },
    "cors": {
      "version": "2.8.5",
      "resolved": "https://globaldevtools.bbva.com:443/artifactory/api/npm/npm-repo/cors/-/cors-2.8.5.tgz",
      "integrity": "sha1-6sEdpRWS3Ya58G9uesKTs9+HXSk=",
      "requires": {
        "object-assign": "^4",
        "vary": "^1"
      }
    },
    "debug": {
      "version": "2.2.0",
      "resolved": "https://globaldevtools.bbva.com:443/artifactory/api/npm/npm-repo/debug/-/debug-2.2.0.tgz",
      "integrity": "sha1-+HBX6ZWxofauaklgZkE3vFbwOdo=",
      "requires": {
        "ms": "0.7.1"
      }
    },
    "depd": {
      "version": "1.0.1",
      "resolved": "https://globaldevtools.bbva.com:443/artifactory/api/npm/npm-repo/depd/-/depd-1.0.1.tgz",
      "integrity": "sha1-gK7GTJ1tl+ZcwqnKqTwKpqv3Oqo="
    },
    "destroy": {
      "version": "1.0.3",
      "resolved": "https://globaldevtools.bbva.com:443/artifactory/api/npm/npm-repo/destroy/-/destroy-1.0.3.tgz",
      "integrity": "sha1-tDO0ck5x/YVR2YhRdIUcX8N34sk="
    },
    "dotenv": {
      "version": "8.1.0",
      "resolved": "https://globaldevtools.bbva.com:443/artifactory/api/npm/npm-repo/dotenv/-/dotenv-8.1.0.tgz",
      "integrity": "sha1-2BHheGUr+4oeWTxt1wTsfpDYXqI="
    },
    "dtrace-provider": {
      "version": "0.8.8",
      "resolved": "https://globaldevtools.bbva.com:443/artifactory/api/npm/npm-repo/dtrace-provider/-/dtrace-provider-0.8.8.tgz",
      "integrity": "sha1-KZbVSQw34TR74mO0I+17KX+w2X4=",
      "requires": {
        "nan": "^2.14.0"
      }
    },
    "ecdsa-sig-formatter": {
      "version": "1.0.11",
      "resolved": "https://globaldevtools.bbva.com:443/artifactory/api/npm/npm-repo/ecdsa-sig-formatter/-/ecdsa-sig-formatter-1.0.11.tgz",
      "integrity": "sha1-rg8PothQRe8UqBfao86azQSJ5b8=",
      "requires": {
        "safe-buffer": "^5.0.1"
      }
    },
    "ee-first": {
      "version": "1.1.1",
      "resolved": "https://globaldevtools.bbva.com:443/artifactory/api/npm/npm-repo/ee-first/-/ee-first-1.1.1.tgz",
      "integrity": "sha1-WQxhFWsK4vTwJVcyoViyZrxWsh0="
    },
    "escape-html": {
      "version": "1.0.2",
      "resolved": "https://globaldevtools.bbva.com:443/artifactory/api/npm/npm-repo/escape-html/-/escape-html-1.0.2.tgz",
      "integrity": "sha1-130y+pjjjC9BroXpJ44ODmuhAiw="
    },
    "esprima": {
      "version": "4.0.1",
      "resolved": "https://globaldevtools.bbva.com:443/artifactory/api/npm/npm-repo/esprima/-/esprima-4.0.1.tgz",
      "integrity": "sha1-E7BM2z5sXRnfkatph6hpVhmwqnE=",
      "dev": true
    },
    "etag": {
      "version": "1.7.0",
      "resolved": "https://globaldevtools.bbva.com:443/artifactory/api/npm/npm-repo/etag/-/etag-1.7.0.tgz",
      "integrity": "sha1-A9MLX2fdbmMtKUXTDWZScxo01dg="
    },
    "express": {
      "version": "4.13.1",
      "resolved": "https://globaldevtools.bbva.com:443/artifactory/api/npm/npm-repo/express/-/express-4.13.1.tgz",
      "integrity": "sha1-8ReqHR9r7byN5bbXH8MaWs0PY98=",
      "requires": {
        "accepts": "~1.2.10",
        "array-flatten": "1.1.0",
        "content-disposition": "0.5.0",
        "content-type": "~1.0.1",
        "cookie": "0.1.3",
        "cookie-signature": "1.0.6",
        "debug": "~2.2.0",
        "depd": "~1.0.1",
        "escape-html": "1.0.2",
        "etag": "~1.7.0",
        "finalhandler": "0.4.0",
        "fresh": "0.3.0",
        "merge-descriptors": "1.0.0",
        "methods": "~1.1.1",
        "on-finished": "~2.3.0",
        "parseurl": "~1.3.0",
        "path-to-regexp": "0.1.6",
        "proxy-addr": "~1.0.8",
        "qs": "4.0.0",
        "range-parser": "~1.0.2",
        "send": "0.13.0",
        "serve-static": "~1.10.0",
        "type-is": "~1.6.4",
        "utils-merge": "1.0.0",
        "vary": "~1.0.0"
      },
      "dependencies": {
        "vary": {
          "version": "1.0.1",
          "resolved": "https://globaldevtools.bbva.com:443/artifactory/api/npm/npm-repo/vary/-/vary-1.0.1.tgz",
          "integrity": "sha1-meSYFWaihhGN+yuBc1ffeZM3bRA="
        }
      }
    },
    "express-jwt": {
      "version": "5.3.1",
      "resolved": "https://globaldevtools.bbva.com:443/artifactory/api/npm/npm-repo/express-jwt/-/express-jwt-5.3.1.tgz",
      "integrity": "sha1-ZvBcfd21QJwDc0api4iWW7EOpK4=",
      "requires": {
        "async": "^1.5.0",
        "express-unless": "^0.3.0",
        "jsonwebtoken": "^8.1.0",
        "lodash.set": "^4.0.0"
      }
    },
    "express-unless": {
      "version": "0.3.1",
      "resolved": "https://globaldevtools.bbva.com:443/artifactory/api/npm/npm-repo/express-unless/-/express-unless-0.3.1.tgz",
      "integrity": "sha1-JVfBRudb65A+LSR/m1ugFFJpbiA="
    },
    "finalhandler": {
      "version": "0.4.0",
      "resolved": "https://globaldevtools.bbva.com:443/artifactory/api/npm/npm-repo/finalhandler/-/finalhandler-0.4.0.tgz",
      "integrity": "sha1-llpS2ejQXSuFdUhUH7ibU6JJfZs=",
      "requires": {
        "debug": "~2.2.0",
        "escape-html": "1.0.2",
        "on-finished": "~2.3.0",
        "unpipe": "~1.0.0"
      }
    },
    "foreachasync": {
      "version": "3.0.0",
      "resolved": "https://globaldevtools.bbva.com:443/artifactory/api/npm/npm-repo/foreachasync/-/foreachasync-3.0.0.tgz",
      "integrity": "sha1-VQKYfchxS+M5IJfzLgBxyd7gfPY=",
      "dev": true
    },
    "format-util": {
      "version": "1.0.3",
      "resolved": "https://globaldevtools.bbva.com:443/artifactory/api/npm/npm-repo/format-util/-/format-util-1.0.3.tgz",
      "integrity": "sha1-Ay3KShFiYqEsQ/TD7IVmQWxbLZU=",
      "dev": true
    },
    "forwarded": {
      "version": "0.1.2",
      "resolved": "https://globaldevtools.bbva.com:443/artifactory/api/npm/npm-repo/forwarded/-/forwarded-0.1.2.tgz",
      "integrity": "sha1-mMI9qxF1ZXuMBXPozszZGw/xjIQ="
    },
    "fresh": {
      "version": "0.3.0",
      "resolved": "https://globaldevtools.bbva.com:443/artifactory/api/npm/npm-repo/fresh/-/fresh-0.3.0.tgz",
      "integrity": "sha1-ZR+DjiJCTnVm3hYdg1jKoZn4PU8="
    },
    "fs-extra": {
      "version": "0.6.4",
      "resolved": "https://globaldevtools.bbva.com:443/artifactory/api/npm/npm-repo/fs-extra/-/fs-extra-0.6.4.tgz",
      "integrity": "sha1-9G8MdbeEH40gCzNIzU1pHVoJnRU=",
      "dev": true,
      "requires": {
        "jsonfile": "~1.0.1",
        "mkdirp": "0.3.x",
        "ncp": "~0.4.2",
        "rimraf": "~2.2.0"
      },
      "dependencies": {
        "mkdirp": {
          "version": "0.3.5",
          "resolved": "https://globaldevtools.bbva.com:443/artifactory/api/npm/npm-repo/mkdirp/-/mkdirp-0.3.5.tgz",
          "integrity": "sha1-3j5fiWHIjHh+4TaN+EmsRBPsqNc=",
          "dev": true
        },
        "ncp": {
          "version": "0.4.2",
          "resolved": "https://globaldevtools.bbva.com:443/artifactory/api/npm/npm-repo/ncp/-/ncp-0.4.2.tgz",
          "integrity": "sha1-q8xsvT7C7Spyn/bnwfqPAXhKhXQ=",
          "dev": true
        },
        "rimraf": {
          "version": "2.2.8",
          "resolved": "https://globaldevtools.bbva.com:443/artifactory/api/npm/npm-repo/rimraf/-/rimraf-2.2.8.tgz",
          "integrity": "sha1-5Dm+Kq7jJzIZUnMPmaiSnk/FBYI=",
          "dev": true
        }
      }
    },
    "fs.extra": {
      "version": "1.3.2",
      "resolved": "https://globaldevtools.bbva.com:443/artifactory/api/npm/npm-repo/fs.extra/-/fs.extra-1.3.2.tgz",
      "integrity": "sha1-3QI/kwE77iRTHxszUUw3sg/ZM0k=",
      "dev": true,
      "requires": {
        "fs-extra": "~0.6.1",
        "mkdirp": "~0.3.5",
        "walk": "^2.3.9"
      },
      "dependencies": {
        "mkdirp": {
          "version": "0.3.5",
          "resolved": "https://globaldevtools.bbva.com:443/artifactory/api/npm/npm-repo/mkdirp/-/mkdirp-0.3.5.tgz",
          "integrity": "sha1-3j5fiWHIjHh+4TaN+EmsRBPsqNc=",
          "dev": true
        }
      }
    },
    "function-bind": {
      "version": "1.1.1",
      "resolved": "https://globaldevtools.bbva.com:443/artifactory/api/npm/npm-repo/function-bind/-/function-bind-1.1.1.tgz",
      "integrity": "sha1-pWiZ0+o8m6uHS7l3O3xe3pL0iV0="
    },
    "glob": {
      "version": "6.0.4",
      "resolved": "https://globaldevtools.bbva.com:443/artifactory/api/npm/npm-repo/glob/-/glob-6.0.4.tgz",
      "integrity": "sha1-DwiGD2oVUSey+t1PnOJLGqtuTSI=",
      "optional": true,
      "requires": {
        "inflight": "^1.0.4",
        "inherits": "2",
        "minimatch": "2 || 3",
        "once": "^1.3.0",
        "path-is-absolute": "^1.0.0"
      }
    },
    "handlebars": {
      "version": "4.1.2",
      "resolved": "https://globaldevtools.bbva.com:443/artifactory/api/npm/npm-repo/handlebars/-/handlebars-4.1.2.tgz",
      "integrity": "sha1-trN8HO0DBrIh4JT8eso+wjsTG2c=",
      "dev": true,
      "requires": {
        "neo-async": "^2.6.0",
        "optimist": "^0.6.1",
        "source-map": "^0.6.1",
        "uglify-js": "^3.1.4"
      }
    },
    "has": {
      "version": "1.0.3",
      "resolved": "https://globaldevtools.bbva.com:443/artifactory/api/npm/npm-repo/has/-/has-1.0.3.tgz",
      "integrity": "sha1-ci18v8H2qoJB8W3YFOAR4fQeh5Y=",
      "requires": {
        "function-bind": "^1.1.1"
      }
    },
    "http-errors": {
      "version": "1.3.1",
      "resolved": "https://globaldevtools.bbva.com:443/artifactory/api/npm/npm-repo/http-errors/-/http-errors-1.3.1.tgz",
      "integrity": "sha1-GX4izevUGYWF6GlO9nhhl7ke2UI=",
      "requires": {
        "inherits": "~2.0.1",
        "statuses": "1"
      }
    },
    "iconv-lite": {
      "version": "0.4.11",
      "resolved": "https://globaldevtools.bbva.com:443/artifactory/api/npm/npm-repo/iconv-lite/-/iconv-lite-0.4.11.tgz",
      "integrity": "sha1-LstC/SlHRJIiCaLnxATayHk9it4="
    },
    "inflight": {
      "version": "1.0.6",
      "resolved": "https://globaldevtools.bbva.com:443/artifactory/api/npm/npm-repo/inflight/-/inflight-1.0.6.tgz",
      "integrity": "sha1-Sb1jMdfQLQwJvJEKEHW6gWW1bfk=",
      "optional": true,
      "requires": {
        "once": "^1.3.0",
        "wrappy": "1"
      }
    },
    "inherits": {
      "version": "2.0.4",
      "resolved": "https://globaldevtools.bbva.com:443/artifactory/api/npm/npm-repo/inherits/-/inherits-2.0.4.tgz",
      "integrity": "sha1-D6LGT5MpF8NDOg3tVTY6rjdBa3w="
    },
    "ipaddr.js": {
      "version": "1.0.5",
      "resolved": "https://globaldevtools.bbva.com:443/artifactory/api/npm/npm-repo/ipaddr.js/-/ipaddr.js-1.0.5.tgz",
      "integrity": "sha1-X6eM8wG4JceKvDBC2BJyMEnqI8c="
    },
    "is": {
      "version": "3.3.0",
      "resolved": "https://globaldevtools.bbva.com:443/artifactory/api/npm/npm-repo/is/-/is-3.3.0.tgz",
      "integrity": "sha1-Yc/23TxBk9uUo9YlggcrROVkXXk="
    },
    "js-yaml": {
      "version": "1.0.2",
      "resolved": "https://globaldevtools.bbva.com:443/artifactory/api/npm/npm-repo/js-yaml/-/js-yaml-1.0.2.tgz",
      "integrity": "sha1-7j9c698bYtch5XNICHnRLpGcgNA=",
      "requires": {
        "argparse": "~ 0.1.3"
      }
    },
    "json-schema-ref-parser": {
      "version": "4.1.1",
      "resolved": "https://globaldevtools.bbva.com:443/artifactory/api/npm/npm-repo/json-schema-ref-parser/-/json-schema-ref-parser-4.1.1.tgz",
      "integrity": "sha1-95AO/BX2k0MtSsZRncHuCcAapAs=",
      "dev": true,
      "requires": {
        "call-me-maybe": "^1.0.1",
        "debug": "^3.1.0",
        "js-yaml": "^3.10.0",
        "ono": "^4.0.3"
      },
      "dependencies": {
        "argparse": {
          "version": "1.0.10",
          "resolved": "https://globaldevtools.bbva.com:443/artifactory/api/npm/npm-repo/argparse/-/argparse-1.0.10.tgz",
          "integrity": "sha1-vNZ5HqWuCXJeF+WtmIE0zUCz2RE=",
          "dev": true,
          "requires": {
            "sprintf-js": "~1.0.2"
          }
        },
        "debug": {
          "version": "3.2.6",
          "resolved": "https://globaldevtools.bbva.com:443/artifactory/api/npm/npm-repo/debug/-/debug-3.2.6.tgz",
          "integrity": "sha1-6D0X3hbYp++3cX7b5fsQE17uYps=",
          "dev": true,
          "requires": {
            "ms": "^2.1.1"
          }
        },
        "js-yaml": {
          "version": "3.13.1",
          "resolved": "https://globaldevtools.bbva.com:443/artifactory/api/npm/npm-repo/js-yaml/-/js-yaml-3.13.1.tgz",
          "integrity": "sha1-r/FRswv9+o5J4F2iLnQV6d+jeEc=",
          "dev": true,
          "requires": {
            "argparse": "^1.0.7",
            "esprima": "^4.0.0"
          }
        },
        "ms": {
          "version": "2.1.2",
          "resolved": "https://globaldevtools.bbva.com:443/artifactory/api/npm/npm-repo/ms/-/ms-2.1.2.tgz",
          "integrity": "sha1-0J0fNXtEP0kzgqjrPM0YOHKuYAk=",
          "dev": true
        }
      }
    },
    "jsonfile": {
      "version": "1.0.1",
      "resolved": "https://globaldevtools.bbva.com:443/artifactory/api/npm/npm-repo/jsonfile/-/jsonfile-1.0.1.tgz",
      "integrity": "sha1-6l7+QLg2kLmGZ2FKc5L8YOhCwN0=",
      "dev": true
    },
    "jsonwebtoken": {
      "version": "8.5.1",
      "resolved": "https://globaldevtools.bbva.com:443/artifactory/api/npm/npm-repo/jsonwebtoken/-/jsonwebtoken-8.5.1.tgz",
      "integrity": "sha1-AOceC431TCEhofJhN98igGc7zA0=",
      "requires": {
        "jws": "^3.2.2",
        "lodash.includes": "^4.3.0",
        "lodash.isboolean": "^3.0.3",
        "lodash.isinteger": "^4.0.4",
        "lodash.isnumber": "^3.0.3",
        "lodash.isplainobject": "^4.0.6",
        "lodash.isstring": "^4.0.1",
        "lodash.once": "^4.0.0",
        "ms": "^2.1.1",
        "semver": "^5.6.0"
      },
      "dependencies": {
        "ms": {
          "version": "2.1.2",
          "resolved": "https://globaldevtools.bbva.com:443/artifactory/api/npm/npm-repo/ms/-/ms-2.1.2.tgz",
          "integrity": "sha1-0J0fNXtEP0kzgqjrPM0YOHKuYAk="
        }
      }
    },
    "jwa": {
      "version": "1.4.1",
      "resolved": "https://globaldevtools.bbva.com:443/artifactory/api/npm/npm-repo/jwa/-/jwa-1.4.1.tgz",
      "integrity": "sha1-dDwymFy56YZVUw1TZBtmyGRbA5o=",
      "requires": {
        "buffer-equal-constant-time": "1.0.1",
        "ecdsa-sig-formatter": "1.0.11",
        "safe-buffer": "^5.0.1"
      }
    },
    "jws": {
      "version": "3.2.2",
      "resolved": "https://globaldevtools.bbva.com:443/artifactory/api/npm/npm-repo/jws/-/jws-3.2.2.tgz",
      "integrity": "sha1-ABCZ82OUaMlBQADpmZX6UvtHgwQ=",
      "requires": {
        "jwa": "^1.4.1",
        "safe-buffer": "^5.0.1"
      }
    },
    "kareem": {
      "version": "2.3.1",
      "resolved": "https://globaldevtools.bbva.com:443/artifactory/api/npm/npm-repo/kareem/-/kareem-2.3.1.tgz",
      "integrity": "sha1-3vEtnJQQF/q/sA+HOvlenJnhvoc="
    },
    "lodash": {
      "version": "4.17.15",
      "resolved": "https://globaldevtools.bbva.com:443/artifactory/api/npm/npm-repo/lodash/-/lodash-4.17.15.tgz",
      "integrity": "sha1-tEf2ZwoEVbv+7dETku/zMOoJdUg="
    },
    "lodash.includes": {
      "version": "4.3.0",
      "resolved": "https://globaldevtools.bbva.com:443/artifactory/api/npm/npm-repo/lodash.includes/-/lodash.includes-4.3.0.tgz",
      "integrity": "sha1-YLuYqHy5I8aMoeUTJUgzFISfVT8="
    },
    "lodash.isboolean": {
      "version": "3.0.3",
      "resolved": "https://globaldevtools.bbva.com:443/artifactory/api/npm/npm-repo/lodash.isboolean/-/lodash.isboolean-3.0.3.tgz",
      "integrity": "sha1-bC4XHbKiV82WgC/UOwGyDV9YcPY="
    },
    "lodash.isinteger": {
      "version": "4.0.4",
      "resolved": "https://globaldevtools.bbva.com:443/artifactory/api/npm/npm-repo/lodash.isinteger/-/lodash.isinteger-4.0.4.tgz",
      "integrity": "sha1-YZwK89A/iwTDH1iChAt3sRzWg0M="
    },
    "lodash.isnumber": {
      "version": "3.0.3",
      "resolved": "https://globaldevtools.bbva.com:443/artifactory/api/npm/npm-repo/lodash.isnumber/-/lodash.isnumber-3.0.3.tgz",
      "integrity": "sha1-POdoEMWSjQM1IwGsKHMX8RwLH/w="
    },
    "lodash.isplainobject": {
      "version": "4.0.6",
      "resolved": "https://globaldevtools.bbva.com:443/artifactory/api/npm/npm-repo/lodash.isplainobject/-/lodash.isplainobject-4.0.6.tgz",
      "integrity": "sha1-fFJqUtibRcRcxpC4gWO+BJf1UMs="
    },
    "lodash.isstring": {
      "version": "4.0.1",
      "resolved": "https://globaldevtools.bbva.com:443/artifactory/api/npm/npm-repo/lodash.isstring/-/lodash.isstring-4.0.1.tgz",
      "integrity": "sha1-1SfftUVuynzJu5XV2ur4i6VKVFE="
    },
    "lodash.once": {
      "version": "4.1.1",
      "resolved": "https://globaldevtools.bbva.com:443/artifactory/api/npm/npm-repo/lodash.once/-/lodash.once-4.1.1.tgz",
      "integrity": "sha1-DdOXEhPHxW34gJd9UEyI+0cal6w="
    },
    "lodash.set": {
      "version": "4.3.2",
      "resolved": "https://globaldevtools.bbva.com:443/artifactory/api/npm/npm-repo/lodash.set/-/lodash.set-4.3.2.tgz",
      "integrity": "sha1-2HV7HagH3eJIFrDWqEvqGnYjCyM="
    },
    "media-typer": {
      "version": "0.3.0",
      "resolved": "https://globaldevtools.bbva.com:443/artifactory/api/npm/npm-repo/media-typer/-/media-typer-0.3.0.tgz",
      "integrity": "sha1-hxDXrwqmJvj/+hzgAWhUUmMlV0g="
    },
    "memory-pager": {
      "version": "1.5.0",
      "resolved": "https://globaldevtools.bbva.com:443/artifactory/api/npm/npm-repo/memory-pager/-/memory-pager-1.5.0.tgz",
      "integrity": "sha1-2HUWVdItOEaCdByXLyw9bfo+ZrU=",
      "optional": true
    },
    "merge-descriptors": {
      "version": "1.0.0",
      "resolved": "https://globaldevtools.bbva.com:443/artifactory/api/npm/npm-repo/merge-descriptors/-/merge-descriptors-1.0.0.tgz",
      "integrity": "sha1-IWnPdTjhsMyH+4jhUC2EdLv3mGQ="
    },
    "methods": {
      "version": "1.1.2",
      "resolved": "https://globaldevtools.bbva.com:443/artifactory/api/npm/npm-repo/methods/-/methods-1.1.2.tgz",
      "integrity": "sha1-VSmk1nZUE07cxSZmVoNbD4Ua/O4="
    },
    "mime": {
      "version": "1.3.4",
      "resolved": "https://globaldevtools.bbva.com:443/artifactory/api/npm/npm-repo/mime/-/mime-1.3.4.tgz",
      "integrity": "sha1-EV+eO2s9rylZmDyzjxSaLUDrXVM="
    },
    "mime-db": {
      "version": "1.40.0",
      "resolved": "https://globaldevtools.bbva.com:443/artifactory/api/npm/npm-repo/mime-db/-/mime-db-1.40.0.tgz",
      "integrity": "sha1-plBX6ZjbCQ9zKmj2wnbTh9QSbDI="
    },
    "mime-types": {
      "version": "2.1.24",
      "resolved": "https://globaldevtools.bbva.com:443/artifactory/api/npm/npm-repo/mime-types/-/mime-types-2.1.24.tgz",
      "integrity": "sha1-tvjQs+lR77d97eyhlM/20W9nb4E=",
      "requires": {
        "mime-db": "1.40.0"
      }
    },
    "minimatch": {
      "version": "3.0.4",
      "resolved": "https://globaldevtools.bbva.com:443/artifactory/api/npm/npm-repo/minimatch/-/minimatch-3.0.4.tgz",
      "integrity": "sha1-UWbihkV/AzBgZL5Ul+jbsMPTIIM=",
      "optional": true,
      "requires": {
        "brace-expansion": "^1.1.7"
      }
    },
    "minimist": {
      "version": "0.0.8",
      "resolved": "https://globaldevtools.bbva.com:443/artifactory/api/npm/npm-repo/minimist/-/minimist-0.0.8.tgz",
      "integrity": "sha1-hX/Kv8M5fSYluCKCYuhqp6ARsF0="
    },
    "mkdirp": {
      "version": "0.5.1",
      "resolved": "https://globaldevtools.bbva.com:443/artifactory/api/npm/npm-repo/mkdirp/-/mkdirp-0.5.1.tgz",
      "integrity": "sha1-MAV0OOrGz3+MR2fzhkjWaX11yQM=",
      "optional": true,
      "requires": {
        "minimist": "0.0.8"
      }
    },
    "mongodb": {
      "version": "3.2.7",
      "resolved": "https://globaldevtools.bbva.com:443/artifactory/api/npm/npm-repo/mongodb/-/mongodb-3.2.7.tgz",
      "integrity": "sha1-i6FJ5L5wglfK0N6nKuuyu7MRp6w=",
      "requires": {
        "mongodb-core": "3.2.7",
        "safe-buffer": "^5.1.2"
      }
    },
    "mongodb-core": {
      "version": "3.2.7",
      "resolved": "https://globaldevtools.bbva.com:443/artifactory/api/npm/npm-repo/mongodb-core/-/mongodb-core-3.2.7.tgz",
      "integrity": "sha1-qO8f52Shksl5JS2svGANyI134o8=",
      "requires": {
        "bson": "^1.1.1",
        "require_optional": "^1.0.1",
        "safe-buffer": "^5.1.2",
        "saslprep": "^1.0.0"
      }
    },
    "mongoose": {
      "version": "5.6.11",
      "resolved": "https://globaldevtools.bbva.com:443/artifactory/api/npm/npm-repo/mongoose/-/mongoose-5.6.11.tgz",
      "integrity": "sha1-xj9Ve3AqAr6OIOwh2Pd3a9ub0tg=",
      "requires": {
        "async": "2.6.2",
        "bson": "~1.1.1",
        "kareem": "2.3.1",
        "mongodb": "3.2.7",
        "mongodb-core": "3.2.7",
        "mongoose-legacy-pluralize": "1.0.2",
        "mpath": "0.6.0",
        "mquery": "3.2.1",
        "ms": "2.1.2",
        "regexp-clone": "1.0.0",
        "safe-buffer": "5.1.2",
        "sift": "7.0.1",
        "sliced": "1.0.1"
      },
      "dependencies": {
        "async": {
          "version": "2.6.2",
          "resolved": "https://globaldevtools.bbva.com:443/artifactory/api/npm/npm-repo/async/-/async-2.6.2.tgz",
          "integrity": "sha1-GDMOp+bjE4h/XS8qkEusb+TdU4E=",
          "requires": {
            "lodash": "^4.17.11"
          }
        },
        "ms": {
          "version": "2.1.2",
          "resolved": "https://globaldevtools.bbva.com:443/artifactory/api/npm/npm-repo/ms/-/ms-2.1.2.tgz",
          "integrity": "sha1-0J0fNXtEP0kzgqjrPM0YOHKuYAk="
        },
        "safe-buffer": {
          "version": "5.1.2",
          "resolved": "https://globaldevtools.bbva.com:443/artifactory/api/npm/npm-repo/safe-buffer/-/safe-buffer-5.1.2.tgz",
          "integrity": "sha1-mR7GnSluAxN0fVm9/St0XDX4go0="
        }
      }
    },
    "mongoose-legacy-pluralize": {
      "version": "1.0.2",
      "resolved": "https://globaldevtools.bbva.com:443/artifactory/api/npm/npm-repo/mongoose-legacy-pluralize/-/mongoose-legacy-pluralize-1.0.2.tgz",
      "integrity": "sha1-O6n5H6UHtRhtOZ+0CFS/8Y+1Y+Q="
    },
    "mpath": {
      "version": "0.6.0",
      "resolved": "https://globaldevtools.bbva.com:443/artifactory/api/npm/npm-repo/mpath/-/mpath-0.6.0.tgz",
      "integrity": "sha1-qpIgKfyk8PZB82DnTFwbakxHB44="
    },
    "mquery": {
      "version": "3.2.1",
      "resolved": "https://globaldevtools.bbva.com:443/artifactory/api/npm/npm-repo/mquery/-/mquery-3.2.1.tgz",
      "integrity": "sha1-iwWaSc2uCoqegEKE72TC9Y06wF0=",
      "requires": {
        "bluebird": "3.5.1",
        "debug": "3.1.0",
        "regexp-clone": "^1.0.0",
        "safe-buffer": "5.1.2",
        "sliced": "1.0.1"
      },
      "dependencies": {
        "debug": {
          "version": "3.1.0",
          "resolved": "https://globaldevtools.bbva.com:443/artifactory/api/npm/npm-repo/debug/-/debug-3.1.0.tgz",
          "integrity": "sha1-W7WgZyYotkFJVmuhaBnmFRjGcmE=",
          "requires": {
            "ms": "2.0.0"
          }
        },
        "ms": {
          "version": "2.0.0",
          "resolved": "https://globaldevtools.bbva.com:443/artifactory/api/npm/npm-repo/ms/-/ms-2.0.0.tgz",
          "integrity": "sha1-VgiurfwAvmwpAd9fmGF4jeDVl8g="
        },
        "safe-buffer": {
          "version": "5.1.2",
          "resolved": "https://globaldevtools.bbva.com:443/artifactory/api/npm/npm-repo/safe-buffer/-/safe-buffer-5.1.2.tgz",
          "integrity": "sha1-mR7GnSluAxN0fVm9/St0XDX4go0="
        }
      }
    },
    "ms": {
      "version": "0.7.1",
      "resolved": "https://globaldevtools.bbva.com:443/artifactory/api/npm/npm-repo/ms/-/ms-0.7.1.tgz",
      "integrity": "sha1-nNE8A62/8ltl7/3nzoZO6VIBcJg="
    },
    "mv": {
      "version": "2.1.1",
      "resolved": "https://globaldevtools.bbva.com:443/artifactory/api/npm/npm-repo/mv/-/mv-2.1.1.tgz",
      "integrity": "sha1-rmzg1vbV4KT32JN5jQPB6pVZtqI=",
      "optional": true,
      "requires": {
        "mkdirp": "~0.5.1",
        "ncp": "~2.0.0",
        "rimraf": "~2.4.0"
      }
    },
    "nan": {
      "version": "2.14.0",
      "resolved": "https://globaldevtools.bbva.com:443/artifactory/api/npm/npm-repo/nan/-/nan-2.14.0.tgz",
      "integrity": "sha1-eBj3IgJ7JFmobwKV1DTR/CM2xSw="
    },
    "ncp": {
      "version": "2.0.0",
      "resolved": "https://globaldevtools.bbva.com:443/artifactory/api/npm/npm-repo/ncp/-/ncp-2.0.0.tgz",
      "integrity": "sha1-GVoh1sRuNh0vsSgbo4uR6d9727M=",
      "optional": true
    },
    "negotiator": {
      "version": "0.5.3",
      "resolved": "https://globaldevtools.bbva.com:443/artifactory/api/npm/npm-repo/negotiator/-/negotiator-0.5.3.tgz",
      "integrity": "sha1-Jp1cR2gQ7JLtvntsLygxY4T5p+g="
    },
    "neo-async": {
      "version": "2.6.1",
      "resolved": "https://globaldevtools.bbva.com:443/artifactory/api/npm/npm-repo/neo-async/-/neo-async-2.6.1.tgz",
      "integrity": "sha1-rCetpmFn+ohJpq3dg39rGJrSCBw=",
      "dev": true
    },
    "node-yaml-config": {
      "version": "0.0.3",
      "resolved": "https://globaldevtools.bbva.com:443/artifactory/api/npm/npm-repo/node-yaml-config/-/node-yaml-config-0.0.3.tgz",
      "integrity": "sha1-p5RIHjdygC5ipfFYx8e//8xj2PY=",
      "requires": {
        "js-yaml": "1.0.2",
        "node.extend": "~1.1.3"
      }
    },
    "node.extend": {
      "version": "1.1.8",
      "resolved": "https://globaldevtools.bbva.com:443/artifactory/api/npm/npm-repo/node.extend/-/node.extend-1.1.8.tgz",
      "integrity": "sha1-Cqs+Y3ifTm1otCvAAHOtGIEkPPA=",
      "requires": {
        "has": "^1.0.3",
        "is": "^3.2.1"
      }
    },
    "nodemailer": {
      "version": "6.3.0",
      "resolved": "https://globaldevtools.bbva.com:443/artifactory/api/npm/npm-repo/nodemailer/-/nodemailer-6.3.0.tgz",
      "integrity": "sha1-qJsMYtOTe9ze7L9VaHvXkRtifhI="
    },
    "object-assign": {
      "version": "4.1.1",
      "resolved": "https://globaldevtools.bbva.com:443/artifactory/api/npm/npm-repo/object-assign/-/object-assign-4.1.1.tgz",
      "integrity": "sha1-IQmtx5ZYh8/AXLvUQsrIv7s2CGM="
    },
    "on-finished": {
      "version": "2.3.0",
      "resolved": "https://globaldevtools.bbva.com:443/artifactory/api/npm/npm-repo/on-finished/-/on-finished-2.3.0.tgz",
      "integrity": "sha1-IPEzZIGwg811M3mSoWlxqi2QaUc=",
      "requires": {
        "ee-first": "1.1.1"
      }
    },
    "once": {
      "version": "1.4.0",
      "resolved": "https://globaldevtools.bbva.com:443/artifactory/api/npm/npm-repo/once/-/once-1.4.0.tgz",
      "integrity": "sha1-WDsap3WWHUsROsF9nFC6753Xa9E=",
      "optional": true,
      "requires": {
        "wrappy": "1"
      }
    },
    "ono": {
      "version": "4.0.11",
      "resolved": "https://globaldevtools.bbva.com:443/artifactory/api/npm/npm-repo/ono/-/ono-4.0.11.tgz",
      "integrity": "sha1-x/Qgmz45bopE70O5ztx/XXkdIh0=",
      "dev": true,
      "requires": {
        "format-util": "^1.0.3"
      }
    },
    "optimist": {
      "version": "0.6.1",
      "resolved": "https://globaldevtools.bbva.com:443/artifactory/api/npm/npm-repo/optimist/-/optimist-0.6.1.tgz",
      "integrity": "sha1-2j6nRob6IaGaERwybpDrFaAZZoY=",
      "dev": true,
      "requires": {
        "minimist": "~0.0.1",
        "wordwrap": "~0.0.2"
      }
    },
    "parseurl": {
      "version": "1.3.3",
      "resolved": "https://globaldevtools.bbva.com:443/artifactory/api/npm/npm-repo/parseurl/-/parseurl-1.3.3.tgz",
      "integrity": "sha1-naGee+6NEt/wUT7Vt2lXeTvC6NQ="
    },
    "path-is-absolute": {
      "version": "1.0.1",
      "resolved": "https://globaldevtools.bbva.com:443/artifactory/api/npm/npm-repo/path-is-absolute/-/path-is-absolute-1.0.1.tgz",
      "integrity": "sha1-F0uSaHNVNP+8es5r9TpanhtcX18=",
      "optional": true
    },
    "path-to-regexp": {
      "version": "0.1.6",
      "resolved": "https://globaldevtools.bbva.com:443/artifactory/api/npm/npm-repo/path-to-regexp/-/path-to-regexp-0.1.6.tgz",
      "integrity": "sha1-8B/Vc0BHtr+8XyCMYTWjPXrwnDY="
    },
    "project-name-generator": {
      "version": "2.1.7",
      "resolved": "https://globaldevtools.bbva.com:443/artifactory/api/npm/npm-repo/project-name-generator/-/project-name-generator-2.1.7.tgz",
      "integrity": "sha1-UExooqhDJHqjr0k6Im7PeM6L7Os=",
      "dev": true,
      "requires": {
        "commander": "^2.15.1",
        "lodash": "^4.17.10"
      }
    },
    "proxy-addr": {
      "version": "1.0.10",
      "resolved": "https://globaldevtools.bbva.com:443/artifactory/api/npm/npm-repo/proxy-addr/-/proxy-addr-1.0.10.tgz",
      "integrity": "sha1-DUCoL4Afw1VWfS7LZe/j8HfxIcU=",
      "requires": {
        "forwarded": "~0.1.0",
        "ipaddr.js": "1.0.5"
      }
    },
    "qs": {
      "version": "4.0.0",
      "resolved": "https://globaldevtools.bbva.com:443/artifactory/api/npm/npm-repo/qs/-/qs-4.0.0.tgz",
      "integrity": "sha1-wx2bdOwn33XlQ6hseHKO2NRiNgc="
    },
    "range-parser": {
      "version": "1.0.3",
      "resolved": "https://globaldevtools.bbva.com:443/artifactory/api/npm/npm-repo/range-parser/-/range-parser-1.0.3.tgz",
      "integrity": "sha1-aHKCNTXGkuLCoBA4Jq/YLC4P8XU="
    },
    "raw-body": {
      "version": "2.1.7",
      "resolved": "https://globaldevtools.bbva.com:443/artifactory/api/npm/npm-repo/raw-body/-/raw-body-2.1.7.tgz",
      "integrity": "sha1-rf6s4uT7MJgFgBTQjActzFl1h3Q=",
      "requires": {
        "bytes": "2.4.0",
        "iconv-lite": "0.4.13",
        "unpipe": "1.0.0"
      },
      "dependencies": {
        "bytes": {
          "version": "2.4.0",
          "resolved": "https://globaldevtools.bbva.com:443/artifactory/api/npm/npm-repo/bytes/-/bytes-2.4.0.tgz",
          "integrity": "sha1-fZcZb51br39pNeJZhVSe3SpsIzk="
        },
        "iconv-lite": {
          "version": "0.4.13",
          "resolved": "https://globaldevtools.bbva.com:443/artifactory/api/npm/npm-repo/iconv-lite/-/iconv-lite-0.4.13.tgz",
          "integrity": "sha1-H4irpKsLFQjoMSrMOTRfNumS4vI="
        }
      }
    },
    "regexp-clone": {
      "version": "1.0.0",
      "resolved": "https://globaldevtools.bbva.com:443/artifactory/api/npm/npm-repo/regexp-clone/-/regexp-clone-1.0.0.tgz",
      "integrity": "sha1-Ii25Z2IydwViYLmSYmNUoEzpv2M="
    },
    "require_optional": {
      "version": "1.0.1",
      "resolved": "https://globaldevtools.bbva.com:443/artifactory/api/npm/npm-repo/require_optional/-/require_optional-1.0.1.tgz",
      "integrity": "sha1-TPNaQkf2TKPfjC7yCMxJSxyo/C4=",
      "requires": {
        "resolve-from": "^2.0.0",
        "semver": "^5.1.0"
      }
    },
    "resolve-from": {
      "version": "2.0.0",
      "resolved": "https://globaldevtools.bbva.com:443/artifactory/api/npm/npm-repo/resolve-from/-/resolve-from-2.0.0.tgz",
      "integrity": "sha1-lICrIOlP+h2egKgEx+oUdhGWa1c="
    },
    "rimraf": {
      "version": "2.4.5",
      "resolved": "https://globaldevtools.bbva.com:443/artifactory/api/npm/npm-repo/rimraf/-/rimraf-2.4.5.tgz",
      "integrity": "sha1-7nEM5dk6j9uFb7Xqj/Di11k0sto=",
      "optional": true,
      "requires": {
        "glob": "^6.0.1"
      }
    },
    "safe-buffer": {
      "version": "5.2.0",
      "resolved": "https://globaldevtools.bbva.com:443/artifactory/api/npm/npm-repo/safe-buffer/-/safe-buffer-5.2.0.tgz",
      "integrity": "sha1-t02uxJsRSPiMZLaNSbHoFcHy9Rk="
    },
    "safe-json-stringify": {
      "version": "1.2.0",
      "resolved": "https://globaldevtools.bbva.com:443/artifactory/api/npm/npm-repo/safe-json-stringify/-/safe-json-stringify-1.2.0.tgz",
      "integrity": "sha1-NW5EvJjx+TzkXfFLzXwBzahuCv0=",
      "optional": true
    },
    "saslprep": {
      "version": "1.0.3",
      "resolved": "https://globaldevtools.bbva.com:443/artifactory/api/npm/npm-repo/saslprep/-/saslprep-1.0.3.tgz",
      "integrity": "sha1-TAL5RrVs9UKX40e6EJPnrKxM8iY=",
      "optional": true,
      "requires": {
        "sparse-bitfield": "^3.0.3"
      }
    },
    "semver": {
      "version": "5.7.1",
      "resolved": "https://globaldevtools.bbva.com:443/artifactory/api/npm/npm-repo/semver/-/semver-5.7.1.tgz",
      "integrity": "sha1-qVT5Ma66UI0we78Gnv8MAclhFvc="
    },
    "send": {
      "version": "0.13.0",
      "resolved": "https://globaldevtools.bbva.com:443/artifactory/api/npm/npm-repo/send/-/send-0.13.0.tgz",
      "integrity": "sha1-UY+SGusFYK7H3KspkLFM9vPM5d4=",
      "requires": {
        "debug": "~2.2.0",
        "depd": "~1.0.1",
        "destroy": "1.0.3",
        "escape-html": "1.0.2",
        "etag": "~1.7.0",
        "fresh": "0.3.0",
        "http-errors": "~1.3.1",
        "mime": "1.3.4",
        "ms": "0.7.1",
        "on-finished": "~2.3.0",
        "range-parser": "~1.0.2",
        "statuses": "~1.2.1"
      },
      "dependencies": {
        "statuses": {
          "version": "1.2.1",
          "resolved": "https://globaldevtools.bbva.com:443/artifactory/api/npm/npm-repo/statuses/-/statuses-1.2.1.tgz",
          "integrity": "sha1-3e1FzBglbVHtQK7BQkidXGECbSg="
        }
      }
    },
    "serve-static": {
      "version": "1.10.3",
      "resolved": "https://globaldevtools.bbva.com:443/artifactory/api/npm/npm-repo/serve-static/-/serve-static-1.10.3.tgz",
      "integrity": "sha1-zlpuzTEB/tXsCYJ9rCKpwpv7BTU=",
      "requires": {
        "escape-html": "~1.0.3",
        "parseurl": "~1.3.1",
        "send": "0.13.2"
      },
      "dependencies": {
        "depd": {
          "version": "1.1.2",
          "resolved": "https://globaldevtools.bbva.com:443/artifactory/api/npm/npm-repo/depd/-/depd-1.1.2.tgz",
          "integrity": "sha1-m81S4UwJd2PnSbJ0xDRu0uVgtak="
        },
        "destroy": {
          "version": "1.0.4",
          "resolved": "https://globaldevtools.bbva.com:443/artifactory/api/npm/npm-repo/destroy/-/destroy-1.0.4.tgz",
          "integrity": "sha1-l4hXRCxEdJ5CBmE+N5RiBYJqvYA="
        },
        "escape-html": {
          "version": "1.0.3",
          "resolved": "https://globaldevtools.bbva.com:443/artifactory/api/npm/npm-repo/escape-html/-/escape-html-1.0.3.tgz",
          "integrity": "sha1-Aljq5NPQwJdN4cFpGI7wBR0dGYg="
        },
        "send": {
          "version": "0.13.2",
          "resolved": "https://globaldevtools.bbva.com:443/artifactory/api/npm/npm-repo/send/-/send-0.13.2.tgz",
          "integrity": "sha1-dl52B8gFVFK7pvCwUllTUJhgNt4=",
          "requires": {
            "debug": "~2.2.0",
            "depd": "~1.1.0",
            "destroy": "~1.0.4",
            "escape-html": "~1.0.3",
            "etag": "~1.7.0",
            "fresh": "0.3.0",
            "http-errors": "~1.3.1",
            "mime": "1.3.4",
            "ms": "0.7.1",
            "on-finished": "~2.3.0",
            "range-parser": "~1.0.3",
            "statuses": "~1.2.1"
          }
        },
        "statuses": {
          "version": "1.2.1",
          "resolved": "https://globaldevtools.bbva.com:443/artifactory/api/npm/npm-repo/statuses/-/statuses-1.2.1.tgz",
          "integrity": "sha1-3e1FzBglbVHtQK7BQkidXGECbSg="
        }
      }
    },
    "sift": {
      "version": "7.0.1",
      "resolved": "https://globaldevtools.bbva.com:443/artifactory/api/npm/npm-repo/sift/-/sift-7.0.1.tgz",
      "integrity": "sha1-R9YsULFZ0xbxNy+LU/nBDNIaSwg="
    },
    "sliced": {
      "version": "1.0.1",
      "resolved": "https://globaldevtools.bbva.com:443/artifactory/api/npm/npm-repo/sliced/-/sliced-1.0.1.tgz",
      "integrity": "sha1-CzpmK10Ewxd7GSa+qCsD+Dei70E="
    },
    "source-map": {
      "version": "0.6.1",
      "resolved": "https://globaldevtools.bbva.com:443/artifactory/api/npm/npm-repo/source-map/-/source-map-0.6.1.tgz",
      "integrity": "sha1-dHIq8y6WFOnCh6jQu95IteLxomM=",
      "dev": true
    },
    "sparse-bitfield": {
      "version": "3.0.3",
      "resolved": "https://globaldevtools.bbva.com:443/artifactory/api/npm/npm-repo/sparse-bitfield/-/sparse-bitfield-3.0.3.tgz",
      "integrity": "sha1-/0rm5oZWBWuks+eSqzM004JzyhE=",
      "optional": true,
      "requires": {
        "memory-pager": "^1.0.2"
      }
    },
    "sprintf-js": {
      "version": "1.0.3",
      "resolved": "https://globaldevtools.bbva.com:443/artifactory/api/npm/npm-repo/sprintf-js/-/sprintf-js-1.0.3.tgz",
      "integrity": "sha1-BOaSb2YolTVPPdAVIDYzuFcpfiw=",
      "dev": true
    },
    "statuses": {
      "version": "1.5.0",
      "resolved": "https://globaldevtools.bbva.com:443/artifactory/api/npm/npm-repo/statuses/-/statuses-1.5.0.tgz",
      "integrity": "sha1-Fhx9rBd2Wf2YEfQ3cfqZOBR4Yow="
    },
    "swagger-node-codegen": {
      "version": "1.6.3",
      "resolved": "https://globaldevtools.bbva.com:443/artifactory/api/npm/npm-repo/swagger-node-codegen/-/swagger-node-codegen-1.6.3.tgz",
      "integrity": "sha1-fAs1TvJkq71KVwVJUDA9b34nReM=",
      "dev": true,
      "requires": {
        "commander": "^2.12.2",
        "fs.extra": "1.3.2",
        "handlebars": "^4.1.2",
        "js-yaml": "^3.13.1",
        "json-schema-ref-parser": "^4.0.4",
        "lodash": "^4.17.11",
        "project-name-generator": "^2.1.6",
        "word-wrap": "1.1.0"
      },
      "dependencies": {
        "argparse": {
          "version": "1.0.10",
          "resolved": "https://globaldevtools.bbva.com:443/artifactory/api/npm/npm-repo/argparse/-/argparse-1.0.10.tgz",
          "integrity": "sha1-vNZ5HqWuCXJeF+WtmIE0zUCz2RE=",
          "dev": true,
          "requires": {
            "sprintf-js": "~1.0.2"
          }
        },
        "js-yaml": {
          "version": "3.13.1",
          "resolved": "https://globaldevtools.bbva.com:443/artifactory/api/npm/npm-repo/js-yaml/-/js-yaml-3.13.1.tgz",
          "integrity": "sha1-r/FRswv9+o5J4F2iLnQV6d+jeEc=",
          "dev": true,
          "requires": {
            "argparse": "^1.0.7",
            "esprima": "^4.0.0"
          }
        }
      }
    },
    "type-is": {
      "version": "1.6.18",
      "resolved": "https://globaldevtools.bbva.com:443/artifactory/api/npm/npm-repo/type-is/-/type-is-1.6.18.tgz",
      "integrity": "sha1-TlUs0F3wlGfcvE73Od6J8s83wTE=",
      "requires": {
        "media-typer": "0.3.0",
        "mime-types": "~2.1.24"
      }
    },
    "uglify-js": {
      "version": "3.6.0",
      "resolved": "https://globaldevtools.bbva.com:443/artifactory/api/npm/npm-repo/uglify-js/-/uglify-js-3.6.0.tgz",
      "integrity": "sha1-cEaBNFxTqLIHn7bOwpSwXq0kL/U=",
      "dev": true,
      "optional": true,
      "requires": {
        "commander": "~2.20.0",
        "source-map": "~0.6.1"
      }
    },
    "underscore": {
      "version": "1.7.0",
      "resolved": "https://globaldevtools.bbva.com:443/artifactory/api/npm/npm-repo/underscore/-/underscore-1.7.0.tgz",
      "integrity": "sha1-a7rwh3UA02vjTsqlhODbn+8DUgk="
    },
    "underscore.string": {
      "version": "2.4.0",
      "resolved": "https://globaldevtools.bbva.com:443/artifactory/api/npm/npm-repo/underscore.string/-/underscore.string-2.4.0.tgz",
      "integrity": "sha1-jN2PusTi0uoefi6Al8QvRCKA+Fs="
    },
    "unpipe": {
      "version": "1.0.0",
      "resolved": "https://globaldevtools.bbva.com:443/artifactory/api/npm/npm-repo/unpipe/-/unpipe-1.0.0.tgz",
      "integrity": "sha1-sr9O6FFKrmFltIF4KdIbLvSZBOw="
    },
    "utils-merge": {
      "version": "1.0.0",
      "resolved": "https://globaldevtools.bbva.com:443/artifactory/api/npm/npm-repo/utils-merge/-/utils-merge-1.0.0.tgz",
      "integrity": "sha1-ApT7kiu5N1FTVBxPcJYjHyh8ivg="
    },
    "vary": {
      "version": "1.1.2",
      "resolved": "https://globaldevtools.bbva.com:443/artifactory/api/npm/npm-repo/vary/-/vary-1.1.2.tgz",
      "integrity": "sha1-IpnwLG3tMNSllhsLn3RSShj2NPw="
    },
    "walk": {
      "version": "2.3.14",
      "resolved": "https://globaldevtools.bbva.com:443/artifactory/api/npm/npm-repo/walk/-/walk-2.3.14.tgz",
      "integrity": "sha1-YOyGMc/SMnauHnNjzhHWJkUuHvM=",
      "dev": true,
      "requires": {
        "foreachasync": "^3.0.0"
      }
    },
    "word-wrap": {
      "version": "1.1.0",
      "resolved": "https://globaldevtools.bbva.com:443/artifactory/api/npm/npm-repo/word-wrap/-/word-wrap-1.1.0.tgz",
      "integrity": "sha1-NWFT1h0QYQ1gB4XF1wEojgrnZKY=",
      "dev": true
    },
    "wordwrap": {
      "version": "0.0.3",
      "resolved": "https://globaldevtools.bbva.com:443/artifactory/api/npm/npm-repo/wordwrap/-/wordwrap-0.0.3.tgz",
      "integrity": "sha1-o9XabNXAvAAI03I0u68b7WMFkQc=",
      "dev": true
    },
    "wrappy": {
      "version": "1.0.2",
      "resolved": "https://globaldevtools.bbva.com:443/artifactory/api/npm/npm-repo/wrappy/-/wrappy-1.0.2.tgz",
      "integrity": "sha1-tSQ9jz7BqjXxNkYFvA0QNuMKtp8=",
      "optional": true
    }
  }
}
